
Microsoft Visual Studio Solution File, Format Version 12.00
# Visual Studio 15
VisualStudioVersion = 15.0.26711.1
MinimumVisualStudioVersion = 10.0.40219.1
Project("{9A19103F-16F7-4668-BE54-9A1E7A4F7556}") = "Jaxx.VideoDbNetStandard", "src\Jaxx.VideoDbNetStandard\Jaxx.VideoDbNetStandard.csproj", "{01DA3931-0796-424B-97DF-468B0E1198F2}"
EndProject
Project("{9A19103F-16F7-4668-BE54-9A1E7A4F7556}") = "Jaxx.VideoDbNetStandard.MySql", "src\Jaxx.VideoDbNetStandard.MySql\Jaxx.VideoDbNetStandard.MySql.csproj", "{DBFF1F76-5FDC-4CC9-97CD-9B17591ACCEB}"
EndProject
Project("{2150E333-8FDC-42A3-9474-1A3956D46DE8}") = "src", "src", "{16284590-18F9-478C-BEFD-A1DE477B3A12}"
EndProject
Project("{2150E333-8FDC-42A3-9474-1A3956D46DE8}") = "test", "test", "{8F7DA5DA-D88F-4782-8061-75DE8621E8AA}"
EndProject
Project("{9A19103F-16F7-4668-BE54-9A1E7A4F7556}") = "Jaxx.VideoDbNetStandard.Tests", "test\Jaxx.VideoDbNetStandard.Tests\Jaxx.VideoDbNetStandard.Tests.csproj", "{55063624-2891-499C-8BBB-4B21DDB62832}"
EndProject
Global
	GlobalSection(SolutionConfigurationPlatforms) = preSolution
		Debug|Any CPU = Debug|Any CPU
		Release|Any CPU = Release|Any CPU
		WithoutTest|Any CPU = WithoutTest|Any CPU
	EndGlobalSection
	GlobalSection(ProjectConfigurationPlatforms) = postSolution
		{01DA3931-0796-424B-97DF-468B0E1198F2}.Debug|Any CPU.ActiveCfg = Debug|Any CPU
		{01DA3931-0796-424B-97DF-468B0E1198F2}.Debug|Any CPU.Build.0 = Debug|Any CPU
		{01DA3931-0796-424B-97DF-468B0E1198F2}.Release|Any CPU.ActiveCfg = Release|Any CPU
		{01DA3931-0796-424B-97DF-468B0E1198F2}.Release|Any CPU.Build.0 = Release|Any CPU
		{01DA3931-0796-424B-97DF-468B0E1198F2}.WithoutTest|Any CPU.ActiveCfg = WithoutTest|Any CPU
		{01DA3931-0796-424B-97DF-468B0E1198F2}.WithoutTest|Any CPU.Build.0 = WithoutTest|Any CPU
		{DBFF1F76-5FDC-4CC9-97CD-9B17591ACCEB}.Debug|Any CPU.ActiveCfg = Debug|Any CPU
		{DBFF1F76-5FDC-4CC9-97CD-9B17591ACCEB}.Debug|Any CPU.Build.0 = Debug|Any CPU
		{DBFF1F76-5FDC-4CC9-97CD-9B17591ACCEB}.Release|Any CPU.ActiveCfg = Release|Any CPU
		{DBFF1F76-5FDC-4CC9-97CD-9B17591ACCEB}.Release|Any CPU.Build.0 = Release|Any CPU
		{DBFF1F76-5FDC-4CC9-97CD-9B17591ACCEB}.WithoutTest|Any CPU.ActiveCfg = WithoutTest|Any CPU
		{DBFF1F76-5FDC-4CC9-97CD-9B17591ACCEB}.WithoutTest|Any CPU.Build.0 = WithoutTest|Any CPU
		{55063624-2891-499C-8BBB-4B21DDB62832}.Debug|Any CPU.ActiveCfg = Debug|Any CPU
		{55063624-2891-499C-8BBB-4B21DDB62832}.Debug|Any CPU.Build.0 = Debug|Any CPU
		{55063624-2891-499C-8BBB-4B21DDB62832}.Release|Any CPU.ActiveCfg = Release|Any CPU
		{55063624-2891-499C-8BBB-4B21DDB62832}.Release|Any CPU.Build.0 = Release|Any CPU
		{55063624-2891-499C-8BBB-4B21DDB62832}.WithoutTest|Any CPU.ActiveCfg = WithoutTest|Any CPU
	EndGlobalSection
	GlobalSection(SolutionProperties) = preSolution
		HideSolutionNode = FALSE
	EndGlobalSection
	GlobalSection(NestedProjects) = preSolution
		{01DA3931-0796-424B-97DF-468B0E1198F2} = {16284590-18F9-478C-BEFD-A1DE477B3A12}
		{DBFF1F76-5FDC-4CC9-97CD-9B17591ACCEB} = {16284590-18F9-478C-BEFD-A1DE477B3A12}
		{55063624-2891-499C-8BBB-4B21DDB62832} = {8F7DA5DA-D88F-4782-8061-75DE8621E8AA}
	EndGlobalSection
	GlobalSection(ExtensibilityGlobals) = postSolution
		SolutionGuid = {D1DF53F3-81EC-4887-AF36-A80690C387EE}
	EndGlobalSection
EndGlobal
